// !$*UTF8*$!
{
	archiveVersion = 1;
	classes = {
	};
	objectVersion = 46;
	objects = {

/* Begin PBXBuildFile section */
		3E8CF4317051371129103113 /* Pods_Bike_BumpUITests.framework in Frameworks */ = {isa = PBXBuildFile; fileRef = 767DA7A288B78CF231DEED9A /* Pods_Bike_BumpUITests.framework */; };
		522FEBF75AAB7A1D305E3E8C /* Pods_Bike_BumpTests.framework in Frameworks */ = {isa = PBXBuildFile; fileRef = 89F5E8C4CE16AD0472B91E80 /* Pods_Bike_BumpTests.framework */; };
		BB1AD3BF1E92992A005681E6 /* setupViewController.swift in Sources */ = {isa = PBXBuildFile; fileRef = BB1AD3BE1E92992A005681E6 /* setupViewController.swift */; };
		BB340FAE1E31D8E4003C084E /* BikeInProgressController.swift in Sources */ = {isa = PBXBuildFile; fileRef = BB340FAD1E31D8E4003C084E /* BikeInProgressController.swift */; };
		BB42C83E1E273CD600BB4024 /* AppDelegate.swift in Sources */ = {isa = PBXBuildFile; fileRef = BB42C83D1E273CD600BB4024 /* AppDelegate.swift */; };
		BB42C8401E273CD600BB4024 /* AuthenticationController.swift in Sources */ = {isa = PBXBuildFile; fileRef = BB42C83F1E273CD600BB4024 /* AuthenticationController.swift */; };
		BB42C8431E273CD600BB4024 /* Main.storyboard in Resources */ = {isa = PBXBuildFile; fileRef = BB42C8411E273CD600BB4024 /* Main.storyboard */; };
		BB42C8451E273CD600BB4024 /* Assets.xcassets in Resources */ = {isa = PBXBuildFile; fileRef = BB42C8441E273CD600BB4024 /* Assets.xcassets */; };
		BB42C8481E273CD600BB4024 /* LaunchScreen.storyboard in Resources */ = {isa = PBXBuildFile; fileRef = BB42C8461E273CD600BB4024 /* LaunchScreen.storyboard */; };
		BB42C8531E273CD600BB4024 /* Bike_BumpTests.swift in Sources */ = {isa = PBXBuildFile; fileRef = BB42C8521E273CD600BB4024 /* Bike_BumpTests.swift */; };
		BB42C85E1E273CD600BB4024 /* Bike_BumpUITests.swift in Sources */ = {isa = PBXBuildFile; fileRef = BB42C85D1E273CD600BB4024 /* Bike_BumpUITests.swift */; };
		BB42C8721E2BE92400BB4024 /* NetworkManager.swift in Sources */ = {isa = PBXBuildFile; fileRef = BB42C8711E2BE92400BB4024 /* NetworkManager.swift */; };
		BB42C8741E2C281400BB4024 /* LocationManager.swift in Sources */ = {isa = PBXBuildFile; fileRef = BB42C8731E2C281400BB4024 /* LocationManager.swift */; };
		BB4AA4E51E309FB300D9944A /* GoogleService-Info.plist in Resources */ = {isa = PBXBuildFile; fileRef = BB4AA4E41E309FB300D9944A /* GoogleService-Info.plist */; };
		BB6F288D1E48C0500046D4B4 /* DingAudio_Sample_05-02-2017-15-09-52_lat=42.3579488_long=-71.0994353.wav in Resources */ = {isa = PBXBuildFile; fileRef = BB6F288C1E48C0500046D4B4 /* DingAudio_Sample_05-02-2017-15-09-52_lat=42.3579488_long=-71.0994353.wav */; };
		BB6F288F1E48C08A0046D4B4 /* NoDingAudio_Sample_05-02-2017-15-21-48_lat=42.362203_long=-71.0995406.wav in Resources */ = {isa = PBXBuildFile; fileRef = BB6F288E1E48C08A0046D4B4 /* NoDingAudio_Sample_05-02-2017-15-21-48_lat=42.362203_long=-71.0995406.wav */; };
		BB6F28911E48C0AB0046D4B4 /* NoDingAudio_Sample_05-02-2017-15-22-10_lat=42.3628927_long=-71.1001544.wav in Resources */ = {isa = PBXBuildFile; fileRef = BB6F28901E48C0AB0046D4B4 /* NoDingAudio_Sample_05-02-2017-15-22-10_lat=42.3628927_long=-71.1001544.wav */; };
		BB6F28931E48C0EA0046D4B4 /* DingAudio_Sample_05-02-2017-16-38-36_lat=42.3630517_long=-71.0994546.wav in Resources */ = {isa = PBXBuildFile; fileRef = BB6F28921E48C0EA0046D4B4 /* DingAudio_Sample_05-02-2017-16-38-36_lat=42.3630517_long=-71.0994546.wav */; };
		BBB771C81E2EA1D30082A2DF /* Accelerate.framework in Frameworks */ = {isa = PBXBuildFile; fileRef = BBB771BF1E2E9D4D0082A2DF /* Accelerate.framework */; };
		BBB771C91E2EA2640082A2DF /* AVFoundation.framework in Frameworks */ = {isa = PBXBuildFile; fileRef = BBB771C11E2E9D540082A2DF /* AVFoundation.framework */; };
		BBB771CA1E2EA2710082A2DF /* Listener.swift in Sources */ = {isa = PBXBuildFile; fileRef = BB42C86F1E2BE90D00BB4024 /* Listener.swift */; };
		EB0706F3A1C99FCF5E8286E5 /* Pods_Bike_Bump.framework in Frameworks */ = {isa = PBXBuildFile; fileRef = BE3330FC0014E55C92105496 /* Pods_Bike_Bump.framework */; };
/* End PBXBuildFile section */

/* Begin PBXContainerItemProxy section */
		BB42C84F1E273CD600BB4024 /* PBXContainerItemProxy */ = {
			isa = PBXContainerItemProxy;
			containerPortal = BB42C8321E273CD500BB4024 /* Project object */;
			proxyType = 1;
			remoteGlobalIDString = BB42C8391E273CD600BB4024;
			remoteInfo = "Bike Bump";
		};
		BB42C85A1E273CD600BB4024 /* PBXContainerItemProxy */ = {
			isa = PBXContainerItemProxy;
			containerPortal = BB42C8321E273CD500BB4024 /* Project object */;
			proxyType = 1;
			remoteGlobalIDString = BB42C8391E273CD600BB4024;
			remoteInfo = "Bike Bump";
		};
/* End PBXContainerItemProxy section */

/* Begin PBXCopyFilesBuildPhase section */
		BBB771C51E2EA0790082A2DF /* Embed Frameworks */ = {
			isa = PBXCopyFilesBuildPhase;
			buildActionMask = 2147483647;
			dstPath = "";
			dstSubfolderSpec = 10;
			files = (
			);
			name = "Embed Frameworks";
			runOnlyForDeploymentPostprocessing = 0;
		};
/* End PBXCopyFilesBuildPhase section */

/* Begin PBXFileReference section */
		01D6644C47C489EE4A7F1520 /* Pods-Bike BumpUITests.release.xcconfig */ = {isa = PBXFileReference; includeInIndex = 1; lastKnownFileType = text.xcconfig; name = "Pods-Bike BumpUITests.release.xcconfig"; path = "Pods/Target Support Files/Pods-Bike BumpUITests/Pods-Bike BumpUITests.release.xcconfig"; sourceTree = "<group>"; };
		53B7E73F62C8921E19E627C9 /* Pods-Bike BumpTests.release.xcconfig */ = {isa = PBXFileReference; includeInIndex = 1; lastKnownFileType = text.xcconfig; name = "Pods-Bike BumpTests.release.xcconfig"; path = "Pods/Target Support Files/Pods-Bike BumpTests/Pods-Bike BumpTests.release.xcconfig"; sourceTree = "<group>"; };
		64481D8DD1F6443C0568DD84 /* Pods-Bike BumpUITests.debug.xcconfig */ = {isa = PBXFileReference; includeInIndex = 1; lastKnownFileType = text.xcconfig; name = "Pods-Bike BumpUITests.debug.xcconfig"; path = "Pods/Target Support Files/Pods-Bike BumpUITests/Pods-Bike BumpUITests.debug.xcconfig"; sourceTree = "<group>"; };
		6A2B5B5DAC1F71B7529CAAA3 /* Pods-Bike BumpTests.debug.xcconfig */ = {isa = PBXFileReference; includeInIndex = 1; lastKnownFileType = text.xcconfig; name = "Pods-Bike BumpTests.debug.xcconfig"; path = "Pods/Target Support Files/Pods-Bike BumpTests/Pods-Bike BumpTests.debug.xcconfig"; sourceTree = "<group>"; };
		767DA7A288B78CF231DEED9A /* Pods_Bike_BumpUITests.framework */ = {isa = PBXFileReference; explicitFileType = wrapper.framework; includeInIndex = 0; path = Pods_Bike_BumpUITests.framework; sourceTree = BUILT_PRODUCTS_DIR; };
		89F5E8C4CE16AD0472B91E80 /* Pods_Bike_BumpTests.framework */ = {isa = PBXFileReference; explicitFileType = wrapper.framework; includeInIndex = 0; path = Pods_Bike_BumpTests.framework; sourceTree = BUILT_PRODUCTS_DIR; };
		A5BFE40DCBF8DEABD2AB7E37 /* Pods-Bike Bump.debug.xcconfig */ = {isa = PBXFileReference; includeInIndex = 1; lastKnownFileType = text.xcconfig; name = "Pods-Bike Bump.debug.xcconfig"; path = "Pods/Target Support Files/Pods-Bike Bump/Pods-Bike Bump.debug.xcconfig"; sourceTree = "<group>"; };
		AF70D63002D4258CBFC01B33 /* Pods-Bike Bump.release.xcconfig */ = {isa = PBXFileReference; includeInIndex = 1; lastKnownFileType = text.xcconfig; name = "Pods-Bike Bump.release.xcconfig"; path = "Pods/Target Support Files/Pods-Bike Bump/Pods-Bike Bump.release.xcconfig"; sourceTree = "<group>"; };
		BB020BC81E33F64B0038A03C /* Bike Bump.entitlements */ = {isa = PBXFileReference; lastKnownFileType = text.plist.entitlements; path = "Bike Bump.entitlements"; sourceTree = "<group>"; };
		BB1AD3BE1E92992A005681E6 /* setupViewController.swift */ = {isa = PBXFileReference; fileEncoding = 4; lastKnownFileType = sourcecode.swift; path = setupViewController.swift; sourceTree = "<group>"; };
		BB340FAD1E31D8E4003C084E /* BikeInProgressController.swift */ = {isa = PBXFileReference; fileEncoding = 4; lastKnownFileType = sourcecode.swift; path = BikeInProgressController.swift; sourceTree = "<group>"; };
		BB42C83A1E273CD600BB4024 /* Bike Bump.app */ = {isa = PBXFileReference; explicitFileType = wrapper.application; includeInIndex = 0; path = "Bike Bump.app"; sourceTree = BUILT_PRODUCTS_DIR; };
		BB42C83D1E273CD600BB4024 /* AppDelegate.swift */ = {isa = PBXFileReference; lastKnownFileType = sourcecode.swift; path = AppDelegate.swift; sourceTree = "<group>"; };
		BB42C83F1E273CD600BB4024 /* AuthenticationController.swift */ = {isa = PBXFileReference; lastKnownFileType = sourcecode.swift; path = AuthenticationController.swift; sourceTree = "<group>"; };
		BB42C8421E273CD600BB4024 /* Base */ = {isa = PBXFileReference; lastKnownFileType = file.storyboard; name = Base; path = Base.lproj/Main.storyboard; sourceTree = "<group>"; };
		BB42C8441E273CD600BB4024 /* Assets.xcassets */ = {isa = PBXFileReference; lastKnownFileType = folder.assetcatalog; path = Assets.xcassets; sourceTree = "<group>"; };
		BB42C8471E273CD600BB4024 /* Base */ = {isa = PBXFileReference; lastKnownFileType = file.storyboard; name = Base; path = Base.lproj/LaunchScreen.storyboard; sourceTree = "<group>"; };
		BB42C8491E273CD600BB4024 /* Info.plist */ = {isa = PBXFileReference; lastKnownFileType = text.plist.xml; path = Info.plist; sourceTree = "<group>"; };
		BB42C84E1E273CD600BB4024 /* Bike BumpTests.xctest */ = {isa = PBXFileReference; explicitFileType = wrapper.cfbundle; includeInIndex = 0; path = "Bike BumpTests.xctest"; sourceTree = BUILT_PRODUCTS_DIR; };
		BB42C8521E273CD600BB4024 /* Bike_BumpTests.swift */ = {isa = PBXFileReference; lastKnownFileType = sourcecode.swift; path = Bike_BumpTests.swift; sourceTree = "<group>"; };
		BB42C8541E273CD600BB4024 /* Info.plist */ = {isa = PBXFileReference; lastKnownFileType = text.plist.xml; path = Info.plist; sourceTree = "<group>"; };
		BB42C8591E273CD600BB4024 /* Bike BumpUITests.xctest */ = {isa = PBXFileReference; explicitFileType = wrapper.cfbundle; includeInIndex = 0; path = "Bike BumpUITests.xctest"; sourceTree = BUILT_PRODUCTS_DIR; };
		BB42C85D1E273CD600BB4024 /* Bike_BumpUITests.swift */ = {isa = PBXFileReference; lastKnownFileType = sourcecode.swift; path = Bike_BumpUITests.swift; sourceTree = "<group>"; };
		BB42C85F1E273CD600BB4024 /* Info.plist */ = {isa = PBXFileReference; lastKnownFileType = text.plist.xml; path = Info.plist; sourceTree = "<group>"; };
		BB42C86F1E2BE90D00BB4024 /* Listener.swift */ = {isa = PBXFileReference; fileEncoding = 4; lastKnownFileType = sourcecode.swift; path = Listener.swift; sourceTree = "<group>"; };
		BB42C8711E2BE92400BB4024 /* NetworkManager.swift */ = {isa = PBXFileReference; fileEncoding = 4; lastKnownFileType = sourcecode.swift; path = NetworkManager.swift; sourceTree = "<group>"; };
		BB42C8731E2C281400BB4024 /* LocationManager.swift */ = {isa = PBXFileReference; fileEncoding = 4; lastKnownFileType = sourcecode.swift; path = LocationManager.swift; sourceTree = "<group>"; };
		BB4AA4E41E309FB300D9944A /* GoogleService-Info.plist */ = {isa = PBXFileReference; fileEncoding = 4; lastKnownFileType = text.plist.xml; path = "GoogleService-Info.plist"; sourceTree = "<group>"; };
		BB6F288C1E48C0500046D4B4 /* DingAudio_Sample_05-02-2017-15-09-52_lat=42.3579488_long=-71.0994353.wav */ = {isa = PBXFileReference; lastKnownFileType = audio.wav; path = "DingAudio_Sample_05-02-2017-15-09-52_lat=42.3579488_long=-71.0994353.wav"; sourceTree = "<group>"; };
		BB6F288E1E48C08A0046D4B4 /* NoDingAudio_Sample_05-02-2017-15-21-48_lat=42.362203_long=-71.0995406.wav */ = {isa = PBXFileReference; lastKnownFileType = audio.wav; path = "NoDingAudio_Sample_05-02-2017-15-21-48_lat=42.362203_long=-71.0995406.wav"; sourceTree = "<group>"; };
		BB6F28901E48C0AB0046D4B4 /* NoDingAudio_Sample_05-02-2017-15-22-10_lat=42.3628927_long=-71.1001544.wav */ = {isa = PBXFileReference; lastKnownFileType = audio.wav; path = "NoDingAudio_Sample_05-02-2017-15-22-10_lat=42.3628927_long=-71.1001544.wav"; sourceTree = "<group>"; };
		BB6F28921E48C0EA0046D4B4 /* DingAudio_Sample_05-02-2017-16-38-36_lat=42.3630517_long=-71.0994546.wav */ = {isa = PBXFileReference; lastKnownFileType = audio.wav; path = "DingAudio_Sample_05-02-2017-16-38-36_lat=42.3630517_long=-71.0994546.wav"; sourceTree = "<group>"; };
		BBB771BF1E2E9D4D0082A2DF /* Accelerate.framework */ = {isa = PBXFileReference; lastKnownFileType = wrapper.framework; name = Accelerate.framework; path = System/Library/Frameworks/Accelerate.framework; sourceTree = SDKROOT; };
		BBB771C11E2E9D540082A2DF /* AVFoundation.framework */ = {isa = PBXFileReference; lastKnownFileType = wrapper.framework; name = AVFoundation.framework; path = System/Library/Frameworks/AVFoundation.framework; sourceTree = SDKROOT; };
		BE3330FC0014E55C92105496 /* Pods_Bike_Bump.framework */ = {isa = PBXFileReference; explicitFileType = wrapper.framework; includeInIndex = 0; path = Pods_Bike_Bump.framework; sourceTree = BUILT_PRODUCTS_DIR; };
/* End PBXFileReference section */

/* Begin PBXFrameworksBuildPhase section */
		BB42C8371E273CD600BB4024 /* Frameworks */ = {
			isa = PBXFrameworksBuildPhase;
			buildActionMask = 2147483647;
			files = (
				BBB771C91E2EA2640082A2DF /* AVFoundation.framework in Frameworks */,
				BBB771C81E2EA1D30082A2DF /* Accelerate.framework in Frameworks */,
				EB0706F3A1C99FCF5E8286E5 /* Pods_Bike_Bump.framework in Frameworks */,
			);
			runOnlyForDeploymentPostprocessing = 0;
		};
		BB42C84B1E273CD600BB4024 /* Frameworks */ = {
			isa = PBXFrameworksBuildPhase;
			buildActionMask = 2147483647;
			files = (
				522FEBF75AAB7A1D305E3E8C /* Pods_Bike_BumpTests.framework in Frameworks */,
			);
			runOnlyForDeploymentPostprocessing = 0;
		};
		BB42C8561E273CD600BB4024 /* Frameworks */ = {
			isa = PBXFrameworksBuildPhase;
			buildActionMask = 2147483647;
			files = (
				3E8CF4317051371129103113 /* Pods_Bike_BumpUITests.framework in Frameworks */,
			);
			runOnlyForDeploymentPostprocessing = 0;
		};
/* End PBXFrameworksBuildPhase section */

/* Begin PBXGroup section */
		363AD06A81CF01B6127D2FBC /* Pods */ = {
			isa = PBXGroup;
			children = (
				A5BFE40DCBF8DEABD2AB7E37 /* Pods-Bike Bump.debug.xcconfig */,
				AF70D63002D4258CBFC01B33 /* Pods-Bike Bump.release.xcconfig */,
				6A2B5B5DAC1F71B7529CAAA3 /* Pods-Bike BumpTests.debug.xcconfig */,
				53B7E73F62C8921E19E627C9 /* Pods-Bike BumpTests.release.xcconfig */,
				64481D8DD1F6443C0568DD84 /* Pods-Bike BumpUITests.debug.xcconfig */,
				01D6644C47C489EE4A7F1520 /* Pods-Bike BumpUITests.release.xcconfig */,
			);
			name = Pods;
			sourceTree = "<group>";
		};
		BB42C8311E273CD500BB4024 = {
			isa = PBXGroup;
			children = (
				BB6F288B1E48C0320046D4B4 /* Ding Samples */,
				BB42C83C1E273CD600BB4024 /* Bike Bump */,
				BB42C8511E273CD600BB4024 /* Bike BumpTests */,
				BB42C85C1E273CD600BB4024 /* Bike BumpUITests */,
				BB42C83B1E273CD600BB4024 /* Products */,
				BBB771BE1E2E9D4D0082A2DF /* Frameworks */,
				363AD06A81CF01B6127D2FBC /* Pods */,
			);
			sourceTree = "<group>";
		};
		BB42C83B1E273CD600BB4024 /* Products */ = {
			isa = PBXGroup;
			children = (
				BB42C83A1E273CD600BB4024 /* Bike Bump.app */,
				BB42C84E1E273CD600BB4024 /* Bike BumpTests.xctest */,
				BB42C8591E273CD600BB4024 /* Bike BumpUITests.xctest */,
			);
			name = Products;
			sourceTree = "<group>";
		};
		BB42C83C1E273CD600BB4024 /* Bike Bump */ = {
			isa = PBXGroup;
			children = (
				BBFD0AAF1E4CEB0200E9FDBE /* ViewControllers */,
				BB42C83D1E273CD600BB4024 /* AppDelegate.swift */,
				BB42C86F1E2BE90D00BB4024 /* Listener.swift */,
				BB42C8711E2BE92400BB4024 /* NetworkManager.swift */,
				BB42C8731E2C281400BB4024 /* LocationManager.swift */,
				BBB2B9DE1E327FCB003975C5 /* UI */,
				BBB2B9DD1E327FAF003975C5 /* SupportingFiles */,
			);
			path = "Bike Bump";
			sourceTree = "<group>";
		};
		BB42C8511E273CD600BB4024 /* Bike BumpTests */ = {
			isa = PBXGroup;
			children = (
				BB42C8521E273CD600BB4024 /* Bike_BumpTests.swift */,
				BB42C8541E273CD600BB4024 /* Info.plist */,
			);
			path = "Bike BumpTests";
			sourceTree = "<group>";
		};
		BB42C85C1E273CD600BB4024 /* Bike BumpUITests */ = {
			isa = PBXGroup;
			children = (
				BB42C85D1E273CD600BB4024 /* Bike_BumpUITests.swift */,
				BB42C85F1E273CD600BB4024 /* Info.plist */,
			);
			path = "Bike BumpUITests";
			sourceTree = "<group>";
		};
		BB6F288B1E48C0320046D4B4 /* Ding Samples */ = {
			isa = PBXGroup;
			children = (
				BB6F288C1E48C0500046D4B4 /* DingAudio_Sample_05-02-2017-15-09-52_lat=42.3579488_long=-71.0994353.wav */,
				BB6F28921E48C0EA0046D4B4 /* DingAudio_Sample_05-02-2017-16-38-36_lat=42.3630517_long=-71.0994546.wav */,
				BB6F288E1E48C08A0046D4B4 /* NoDingAudio_Sample_05-02-2017-15-21-48_lat=42.362203_long=-71.0995406.wav */,
				BB6F28901E48C0AB0046D4B4 /* NoDingAudio_Sample_05-02-2017-15-22-10_lat=42.3628927_long=-71.1001544.wav */,
			);
			name = "Ding Samples";
			sourceTree = "<group>";
		};
		BBB2B9DD1E327FAF003975C5 /* SupportingFiles */ = {
			isa = PBXGroup;
			children = (
				BB020BC81E33F64B0038A03C /* Bike Bump.entitlements */,
				BB42C8491E273CD600BB4024 /* Info.plist */,
				BB42C8441E273CD600BB4024 /* Assets.xcassets */,
				BB4AA4E41E309FB300D9944A /* GoogleService-Info.plist */,
			);
			name = SupportingFiles;
			sourceTree = "<group>";
		};
		BBB2B9DE1E327FCB003975C5 /* UI */ = {
			isa = PBXGroup;
			children = (
				BB42C8411E273CD600BB4024 /* Main.storyboard */,
				BB42C8461E273CD600BB4024 /* LaunchScreen.storyboard */,
			);
			name = UI;
			sourceTree = "<group>";
		};
		BBB771BE1E2E9D4D0082A2DF /* Frameworks */ = {
			isa = PBXGroup;
			children = (
				BBB771C11E2E9D540082A2DF /* AVFoundation.framework */,
				BBB771BF1E2E9D4D0082A2DF /* Accelerate.framework */,
				BE3330FC0014E55C92105496 /* Pods_Bike_Bump.framework */,
				89F5E8C4CE16AD0472B91E80 /* Pods_Bike_BumpTests.framework */,
				767DA7A288B78CF231DEED9A /* Pods_Bike_BumpUITests.framework */,
			);
			name = Frameworks;
			sourceTree = "<group>";
		};
		BBFD0AAF1E4CEB0200E9FDBE /* ViewControllers */ = {
			isa = PBXGroup;
			children = (
				BB340FAD1E31D8E4003C084E /* BikeInProgressController.swift */,
				BB42C83F1E273CD600BB4024 /* AuthenticationController.swift */,
				BB1AD3BE1E92992A005681E6 /* setupViewController.swift */,
			);
			name = ViewControllers;
			sourceTree = "<group>";
		};
/* End PBXGroup section */

/* Begin PBXNativeTarget section */
		BB42C8391E273CD600BB4024 /* Bike Bump */ = {
			isa = PBXNativeTarget;
			buildConfigurationList = BB42C8621E273CD600BB4024 /* Build configuration list for PBXNativeTarget "Bike Bump" */;
			buildPhases = (
				84B007F752225172B9527DB2 /* [CP] Check Pods Manifest.lock */,
				BB42C8361E273CD600BB4024 /* Sources */,
				BB42C8371E273CD600BB4024 /* Frameworks */,
				BB42C8381E273CD600BB4024 /* Resources */,
				BBB771C51E2EA0790082A2DF /* Embed Frameworks */,
				9BDE0C8FDFBCED13617E85B5 /* [CP] Embed Pods Frameworks */,
				3E975066DBC2208154F89362 /* [CP] Copy Pods Resources */,
			);
			buildRules = (
			);
			dependencies = (
			);
			name = "Bike Bump";
			productName = "Bike Bump";
			productReference = BB42C83A1E273CD600BB4024 /* Bike Bump.app */;
			productType = "com.apple.product-type.application";
		};
		BB42C84D1E273CD600BB4024 /* Bike BumpTests */ = {
			isa = PBXNativeTarget;
			buildConfigurationList = BB42C8651E273CD600BB4024 /* Build configuration list for PBXNativeTarget "Bike BumpTests" */;
			buildPhases = (
				5559D799A6E10EE88DF8104B /* [CP] Check Pods Manifest.lock */,
				BB42C84A1E273CD600BB4024 /* Sources */,
				BB42C84B1E273CD600BB4024 /* Frameworks */,
				BB42C84C1E273CD600BB4024 /* Resources */,
				F24060C2181611EACA499DC0 /* [CP] Embed Pods Frameworks */,
				8CC7AAE1A89489A1CA038C14 /* [CP] Copy Pods Resources */,
			);
			buildRules = (
			);
			dependencies = (
				BB42C8501E273CD600BB4024 /* PBXTargetDependency */,
			);
			name = "Bike BumpTests";
			productName = "Bike BumpTests";
			productReference = BB42C84E1E273CD600BB4024 /* Bike BumpTests.xctest */;
			productType = "com.apple.product-type.bundle.unit-test";
		};
		BB42C8581E273CD600BB4024 /* Bike BumpUITests */ = {
			isa = PBXNativeTarget;
			buildConfigurationList = BB42C8681E273CD600BB4024 /* Build configuration list for PBXNativeTarget "Bike BumpUITests" */;
			buildPhases = (
				13017708DE8A46AEBABA4AD8 /* [CP] Check Pods Manifest.lock */,
				BB42C8551E273CD600BB4024 /* Sources */,
				BB42C8561E273CD600BB4024 /* Frameworks */,
				BB42C8571E273CD600BB4024 /* Resources */,
				8B6F1E508E58CA0C0A83A082 /* [CP] Embed Pods Frameworks */,
				2CBEF3AC138F308CF89AB7AA /* [CP] Copy Pods Resources */,
			);
			buildRules = (
			);
			dependencies = (
				BB42C85B1E273CD600BB4024 /* PBXTargetDependency */,
			);
			name = "Bike BumpUITests";
			productName = "Bike BumpUITests";
			productReference = BB42C8591E273CD600BB4024 /* Bike BumpUITests.xctest */;
			productType = "com.apple.product-type.bundle.ui-testing";
		};
/* End PBXNativeTarget section */

/* Begin PBXProject section */
		BB42C8321E273CD500BB4024 /* Project object */ = {
			isa = PBXProject;
			attributes = {
				LastSwiftUpdateCheck = 0820;
				LastUpgradeCheck = 0820;
				ORGANIZATIONNAME = "Chris Sweeney";
				TargetAttributes = {
					BB42C8391E273CD600BB4024 = {
						CreatedOnToolsVersion = 8.2.1;
						DevelopmentTeam = WBGGT8PD5V;
						ProvisioningStyle = Automatic;
						SystemCapabilities = {
							com.apple.BackgroundModes = {
								enabled = 1;
							};
							com.apple.Keychain = {
								enabled = 1;
							};
						};
					};
					BB42C84D1E273CD600BB4024 = {
						CreatedOnToolsVersion = 8.2.1;
						ProvisioningStyle = Automatic;
						TestTargetID = BB42C8391E273CD600BB4024;
					};
					BB42C8581E273CD600BB4024 = {
						CreatedOnToolsVersion = 8.2.1;
						ProvisioningStyle = Automatic;
						TestTargetID = BB42C8391E273CD600BB4024;
					};
				};
			};
			buildConfigurationList = BB42C8351E273CD500BB4024 /* Build configuration list for PBXProject "Bike Bump" */;
			compatibilityVersion = "Xcode 3.2";
			developmentRegion = English;
			hasScannedForEncodings = 0;
			knownRegions = (
				en,
				Base,
			);
			mainGroup = BB42C8311E273CD500BB4024;
			productRefGroup = BB42C83B1E273CD600BB4024 /* Products */;
			projectDirPath = "";
			projectRoot = "";
			targets = (
				BB42C8391E273CD600BB4024 /* Bike Bump */,
				BB42C84D1E273CD600BB4024 /* Bike BumpTests */,
				BB42C8581E273CD600BB4024 /* Bike BumpUITests */,
			);
		};
/* End PBXProject section */

/* Begin PBXResourcesBuildPhase section */
		BB42C8381E273CD600BB4024 /* Resources */ = {
			isa = PBXResourcesBuildPhase;
			buildActionMask = 2147483647;
			files = (
				BB42C8481E273CD600BB4024 /* LaunchScreen.storyboard in Resources */,
				BB4AA4E51E309FB300D9944A /* GoogleService-Info.plist in Resources */,
				BB42C8451E273CD600BB4024 /* Assets.xcassets in Resources */,
				BB6F288F1E48C08A0046D4B4 /* NoDingAudio_Sample_05-02-2017-15-21-48_lat=42.362203_long=-71.0995406.wav in Resources */,
				BB42C8431E273CD600BB4024 /* Main.storyboard in Resources */,
				BB6F28931E48C0EA0046D4B4 /* DingAudio_Sample_05-02-2017-16-38-36_lat=42.3630517_long=-71.0994546.wav in Resources */,
				BB6F28911E48C0AB0046D4B4 /* NoDingAudio_Sample_05-02-2017-15-22-10_lat=42.3628927_long=-71.1001544.wav in Resources */,
				BB6F288D1E48C0500046D4B4 /* DingAudio_Sample_05-02-2017-15-09-52_lat=42.3579488_long=-71.0994353.wav in Resources */,
			);
			runOnlyForDeploymentPostprocessing = 0;
		};
		BB42C84C1E273CD600BB4024 /* Resources */ = {
			isa = PBXResourcesBuildPhase;
			buildActionMask = 2147483647;
			files = (
			);
			runOnlyForDeploymentPostprocessing = 0;
		};
		BB42C8571E273CD600BB4024 /* Resources */ = {
			isa = PBXResourcesBuildPhase;
			buildActionMask = 2147483647;
			files = (
			);
			runOnlyForDeploymentPostprocessing = 0;
		};
/* End PBXResourcesBuildPhase section */

/* Begin PBXShellScriptBuildPhase section */
		13017708DE8A46AEBABA4AD8 /* [CP] Check Pods Manifest.lock */ = {
			isa = PBXShellScriptBuildPhase;
			buildActionMask = 2147483647;
			files = (
			);
			inputPaths = (
			);
			name = "[CP] Check Pods Manifest.lock";
			outputPaths = (
			);
			runOnlyForDeploymentPostprocessing = 0;
			shellPath = /bin/sh;
			shellScript = "diff \"${PODS_ROOT}/../Podfile.lock\" \"${PODS_ROOT}/Manifest.lock\" > /dev/null\nif [ $? != 0 ] ; then\n    # print error to STDERR\n    echo \"error: The sandbox is not in sync with the Podfile.lock. Run 'pod install' or update your CocoaPods installation.\" >&2\n    exit 1\nfi\n";
			showEnvVarsInLog = 0;
		};
		2CBEF3AC138F308CF89AB7AA /* [CP] Copy Pods Resources */ = {
			isa = PBXShellScriptBuildPhase;
			buildActionMask = 2147483647;
			files = (
			);
			inputPaths = (
			);
			name = "[CP] Copy Pods Resources";
			outputPaths = (
			);
			runOnlyForDeploymentPostprocessing = 0;
			shellPath = /bin/sh;
			shellScript = "\"${SRCROOT}/Pods/Target Support Files/Pods-Bike BumpUITests/Pods-Bike BumpUITests-resources.sh\"\n";
			showEnvVarsInLog = 0;
		};
		3E975066DBC2208154F89362 /* [CP] Copy Pods Resources */ = {
			isa = PBXShellScriptBuildPhase;
			buildActionMask = 2147483647;
			files = (
			);
			inputPaths = (
			);
			name = "[CP] Copy Pods Resources";
			outputPaths = (
			);
			runOnlyForDeploymentPostprocessing = 0;
			shellPath = /bin/sh;
			shellScript = "\"${SRCROOT}/Pods/Target Support Files/Pods-Bike Bump/Pods-Bike Bump-resources.sh\"\n";
			showEnvVarsInLog = 0;
		};
		5559D799A6E10EE88DF8104B /* [CP] Check Pods Manifest.lock */ = {
			isa = PBXShellScriptBuildPhase;
			buildActionMask = 2147483647;
			files = (
			);
			inputPaths = (
			);
			name = "[CP] Check Pods Manifest.lock";
			outputPaths = (
			);
			runOnlyForDeploymentPostprocessing = 0;
			shellPath = /bin/sh;
			shellScript = "diff \"${PODS_ROOT}/../Podfile.lock\" \"${PODS_ROOT}/Manifest.lock\" > /dev/null\nif [ $? != 0 ] ; then\n    # print error to STDERR\n    echo \"error: The sandbox is not in sync with the Podfile.lock. Run 'pod install' or update your CocoaPods installation.\" >&2\n    exit 1\nfi\n";
			showEnvVarsInLog = 0;
		};
		84B007F752225172B9527DB2 /* [CP] Check Pods Manifest.lock */ = {
			isa = PBXShellScriptBuildPhase;
			buildActionMask = 2147483647;
			files = (
			);
			inputPaths = (
			);
			name = "[CP] Check Pods Manifest.lock";
			outputPaths = (
			);
			runOnlyForDeploymentPostprocessing = 0;
			shellPath = /bin/sh;
			shellScript = "diff \"${PODS_ROOT}/../Podfile.lock\" \"${PODS_ROOT}/Manifest.lock\" > /dev/null\nif [ $? != 0 ] ; then\n    # print error to STDERR\n    echo \"error: The sandbox is not in sync with the Podfile.lock. Run 'pod install' or update your CocoaPods installation.\" >&2\n    exit 1\nfi\n";
			showEnvVarsInLog = 0;
		};
		8B6F1E508E58CA0C0A83A082 /* [CP] Embed Pods Frameworks */ = {
			isa = PBXShellScriptBuildPhase;
			buildActionMask = 2147483647;
			files = (
			);
			inputPaths = (
			);
			name = "[CP] Embed Pods Frameworks";
			outputPaths = (
			);
			runOnlyForDeploymentPostprocessing = 0;
			shellPath = /bin/sh;
			shellScript = "\"${SRCROOT}/Pods/Target Support Files/Pods-Bike BumpUITests/Pods-Bike BumpUITests-frameworks.sh\"\n";
			showEnvVarsInLog = 0;
		};
		8CC7AAE1A89489A1CA038C14 /* [CP] Copy Pods Resources */ = {
			isa = PBXShellScriptBuildPhase;
			buildActionMask = 2147483647;
			files = (
			);
			inputPaths = (
			);
			name = "[CP] Copy Pods Resources";
			outputPaths = (
			);
			runOnlyForDeploymentPostprocessing = 0;
			shellPath = /bin/sh;
			shellScript = "\"${SRCROOT}/Pods/Target Support Files/Pods-Bike BumpTests/Pods-Bike BumpTests-resources.sh\"\n";
			showEnvVarsInLog = 0;
		};
		9BDE0C8FDFBCED13617E85B5 /* [CP] Embed Pods Frameworks */ = {
			isa = PBXShellScriptBuildPhase;
			buildActionMask = 2147483647;
			files = (
			);
			inputPaths = (
			);
			name = "[CP] Embed Pods Frameworks";
			outputPaths = (
			);
			runOnlyForDeploymentPostprocessing = 0;
			shellPath = /bin/sh;
			shellScript = "\"${SRCROOT}/Pods/Target Support Files/Pods-Bike Bump/Pods-Bike Bump-frameworks.sh\"\n";
			showEnvVarsInLog = 0;
		};
		F24060C2181611EACA499DC0 /* [CP] Embed Pods Frameworks */ = {
			isa = PBXShellScriptBuildPhase;
			buildActionMask = 2147483647;
			files = (
			);
			inputPaths = (
			);
			name = "[CP] Embed Pods Frameworks";
			outputPaths = (
			);
			runOnlyForDeploymentPostprocessing = 0;
			shellPath = /bin/sh;
			shellScript = "\"${SRCROOT}/Pods/Target Support Files/Pods-Bike BumpTests/Pods-Bike BumpTests-frameworks.sh\"\n";
			showEnvVarsInLog = 0;
		};
/* End PBXShellScriptBuildPhase section */

/* Begin PBXSourcesBuildPhase section */
		BB42C8361E273CD600BB4024 /* Sources */ = {
			isa = PBXSourcesBuildPhase;
			buildActionMask = 2147483647;
			files = (
				BB42C8721E2BE92400BB4024 /* NetworkManager.swift in Sources */,
				BB42C8401E273CD600BB4024 /* AuthenticationController.swift in Sources */,
				BB340FAE1E31D8E4003C084E /* BikeInProgressController.swift in Sources */,
				BB42C8741E2C281400BB4024 /* LocationManager.swift in Sources */,
				BB42C83E1E273CD600BB4024 /* AppDelegate.swift in Sources */,
				BBB771CA1E2EA2710082A2DF /* Listener.swift in Sources */,
				BB1AD3BF1E92992A005681E6 /* setupViewController.swift in Sources */,
			);
			runOnlyForDeploymentPostprocessing = 0;
		};
		BB42C84A1E273CD600BB4024 /* Sources */ = {
			isa = PBXSourcesBuildPhase;
			buildActionMask = 2147483647;
			files = (
				BB42C8531E273CD600BB4024 /* Bike_BumpTests.swift in Sources */,
			);
			runOnlyForDeploymentPostprocessing = 0;
		};
		BB42C8551E273CD600BB4024 /* Sources */ = {
			isa = PBXSourcesBuildPhase;
			buildActionMask = 2147483647;
			files = (
				BB42C85E1E273CD600BB4024 /* Bike_BumpUITests.swift in Sources */,
			);
			runOnlyForDeploymentPostprocessing = 0;
		};
/* End PBXSourcesBuildPhase section */

/* Begin PBXTargetDependency section */
		BB42C8501E273CD600BB4024 /* PBXTargetDependency */ = {
			isa = PBXTargetDependency;
			target = BB42C8391E273CD600BB4024 /* Bike Bump */;
			targetProxy = BB42C84F1E273CD600BB4024 /* PBXContainerItemProxy */;
		};
		BB42C85B1E273CD600BB4024 /* PBXTargetDependency */ = {
			isa = PBXTargetDependency;
			target = BB42C8391E273CD600BB4024 /* Bike Bump */;
			targetProxy = BB42C85A1E273CD600BB4024 /* PBXContainerItemProxy */;
		};
/* End PBXTargetDependency section */

/* Begin PBXVariantGroup section */
		BB42C8411E273CD600BB4024 /* Main.storyboard */ = {
			isa = PBXVariantGroup;
			children = (
				BB42C8421E273CD600BB4024 /* Base */,
			);
			name = Main.storyboard;
			sourceTree = "<group>";
		};
		BB42C8461E273CD600BB4024 /* LaunchScreen.storyboard */ = {
			isa = PBXVariantGroup;
			children = (
				BB42C8471E273CD600BB4024 /* Base */,
			);
			name = LaunchScreen.storyboard;
			sourceTree = "<group>";
		};
/* End PBXVariantGroup section */

/* Begin XCBuildConfiguration section */
		BB42C8601E273CD600BB4024 /* Debug */ = {
			isa = XCBuildConfiguration;
			buildSettings = {
				ALWAYS_SEARCH_USER_PATHS = NO;
				CLANG_ANALYZER_NONNULL = YES;
				CLANG_CXX_LANGUAGE_STANDARD = "gnu++0x";
				CLANG_CXX_LIBRARY = "libc++";
				CLANG_ENABLE_MODULES = YES;
				CLANG_ENABLE_OBJC_ARC = YES;
				CLANG_WARN_BOOL_CONVERSION = YES;
				CLANG_WARN_CONSTANT_CONVERSION = YES;
				CLANG_WARN_DIRECT_OBJC_ISA_USAGE = YES_ERROR;
				CLANG_WARN_DOCUMENTATION_COMMENTS = YES;
				CLANG_WARN_EMPTY_BODY = YES;
				CLANG_WARN_ENUM_CONVERSION = YES;
				CLANG_WARN_INFINITE_RECURSION = YES;
				CLANG_WARN_INT_CONVERSION = YES;
				CLANG_WARN_OBJC_ROOT_CLASS = YES_ERROR;
				CLANG_WARN_SUSPICIOUS_MOVE = YES;
				CLANG_WARN_UNREACHABLE_CODE = YES;
				CLANG_WARN__DUPLICATE_METHOD_MATCH = YES;
				"CODE_SIGN_IDENTITY[sdk=iphoneos*]" = "iPhone Developer";
				COPY_PHASE_STRIP = NO;
				DEBUG_INFORMATION_FORMAT = dwarf;
				ENABLE_STRICT_OBJC_MSGSEND = YES;
				ENABLE_TESTABILITY = YES;
				GCC_C_LANGUAGE_STANDARD = gnu99;
				GCC_DYNAMIC_NO_PIC = NO;
				GCC_NO_COMMON_BLOCKS = YES;
				GCC_OPTIMIZATION_LEVEL = 0;
				GCC_PREPROCESSOR_DEFINITIONS = (
					"DEBUG=1",
					"$(inherited)",
				);
				GCC_WARN_64_TO_32_BIT_CONVERSION = YES;
				GCC_WARN_ABOUT_RETURN_TYPE = YES_ERROR;
				GCC_WARN_UNDECLARED_SELECTOR = YES;
				GCC_WARN_UNINITIALIZED_AUTOS = YES_AGGRESSIVE;
				GCC_WARN_UNUSED_FUNCTION = YES;
				GCC_WARN_UNUSED_VARIABLE = YES;
				IPHONEOS_DEPLOYMENT_TARGET = 10.2;
				MTL_ENABLE_DEBUG_INFO = YES;
				ONLY_ACTIVE_ARCH = YES;
				SDKROOT = iphoneos;
				SWIFT_ACTIVE_COMPILATION_CONDITIONS = DEBUG;
				SWIFT_OPTIMIZATION_LEVEL = "-Onone";
				TARGETED_DEVICE_FAMILY = "1,2";
			};
			name = Debug;
		};
		BB42C8611E273CD600BB4024 /* Release */ = {
			isa = XCBuildConfiguration;
			buildSettings = {
				ALWAYS_SEARCH_USER_PATHS = NO;
				CLANG_ANALYZER_NONNULL = YES;
				CLANG_CXX_LANGUAGE_STANDARD = "gnu++0x";
				CLANG_CXX_LIBRARY = "libc++";
				CLANG_ENABLE_MODULES = YES;
				CLANG_ENABLE_OBJC_ARC = YES;
				CLANG_WARN_BOOL_CONVERSION = YES;
				CLANG_WARN_CONSTANT_CONVERSION = YES;
				CLANG_WARN_DIRECT_OBJC_ISA_USAGE = YES_ERROR;
				CLANG_WARN_DOCUMENTATION_COMMENTS = YES;
				CLANG_WARN_EMPTY_BODY = YES;
				CLANG_WARN_ENUM_CONVERSION = YES;
				CLANG_WARN_INFINITE_RECURSION = YES;
				CLANG_WARN_INT_CONVERSION = YES;
				CLANG_WARN_OBJC_ROOT_CLASS = YES_ERROR;
				CLANG_WARN_SUSPICIOUS_MOVE = YES;
				CLANG_WARN_UNREACHABLE_CODE = YES;
				CLANG_WARN__DUPLICATE_METHOD_MATCH = YES;
				"CODE_SIGN_IDENTITY[sdk=iphoneos*]" = "iPhone Developer";
				COPY_PHASE_STRIP = NO;
				DEBUG_INFORMATION_FORMAT = "dwarf-with-dsym";
				ENABLE_NS_ASSERTIONS = NO;
				ENABLE_STRICT_OBJC_MSGSEND = YES;
				GCC_C_LANGUAGE_STANDARD = gnu99;
				GCC_NO_COMMON_BLOCKS = YES;
				GCC_WARN_64_TO_32_BIT_CONVERSION = YES;
				GCC_WARN_ABOUT_RETURN_TYPE = YES_ERROR;
				GCC_WARN_UNDECLARED_SELECTOR = YES;
				GCC_WARN_UNINITIALIZED_AUTOS = YES_AGGRESSIVE;
				GCC_WARN_UNUSED_FUNCTION = YES;
				GCC_WARN_UNUSED_VARIABLE = YES;
				IPHONEOS_DEPLOYMENT_TARGET = 10.2;
				MTL_ENABLE_DEBUG_INFO = NO;
				SDKROOT = iphoneos;
				SWIFT_OPTIMIZATION_LEVEL = "-Owholemodule";
				TARGETED_DEVICE_FAMILY = "1,2";
				VALIDATE_PRODUCT = YES;
			};
			name = Release;
		};
		BB42C8631E273CD600BB4024 /* Debug */ = {
			isa = XCBuildConfiguration;
			baseConfigurationReference = A5BFE40DCBF8DEABD2AB7E37 /* Pods-Bike Bump.debug.xcconfig */;
			buildSettings = {
				ASSETCATALOG_COMPILER_APPICON_NAME = AppIcon;
				CODE_SIGN_ENTITLEMENTS = "Bike Bump/Bike Bump.entitlements";
				DEVELOPMENT_TEAM = WBGGT8PD5V;
				FRAMEWORK_SEARCH_PATHS = (
					"$(inherited)",
					"$(PROJECT_DIR)",
				);
				INFOPLIST_FILE = "Bike Bump/Info.plist";
				IPHONEOS_DEPLOYMENT_TARGET = 10.1;
				LD_RUNPATH_SEARCH_PATHS = "$(inherited) @executable_path/Frameworks";
				PRODUCT_BUNDLE_IDENTIFIER = "ChaningPlaces.Bike-Bump";
				PRODUCT_NAME = "$(TARGET_NAME)";
				SWIFT_VERSION = 3.0;
				TARGETED_DEVICE_FAMILY = 1;
			};
			name = Debug;
		};
		BB42C8641E273CD600BB4024 /* Release */ = {
			isa = XCBuildConfiguration;
			baseConfigurationReference = AF70D63002D4258CBFC01B33 /* Pods-Bike Bump.release.xcconfig */;
			buildSettings = {
				ASSETCATALOG_COMPILER_APPICON_NAME = AppIcon;
				CODE_SIGN_ENTITLEMENTS = "Bike Bump/Bike Bump.entitlements";
				DEVELOPMENT_TEAM = WBGGT8PD5V;
				FRAMEWORK_SEARCH_PATHS = (
					"$(inherited)",
					"$(PROJECT_DIR)",
				);
				INFOPLIST_FILE = "Bike Bump/Info.plist";
				IPHONEOS_DEPLOYMENT_TARGET = 10.1;
				LD_RUNPATH_SEARCH_PATHS = "$(inherited) @executable_path/Frameworks";
				"LD_RUNPATH_SEARCH_PATHS[arch=*]" = "-ObjC";
				PRODUCT_BUNDLE_IDENTIFIER = "ChaningPlaces.Bike-Bump";
				PRODUCT_NAME = "$(TARGET_NAME)";
				SWIFT_VERSION = 3.0;
				TARGETED_DEVICE_FAMILY = 1;
			};
			name = Release;
		};
		BB42C8661E273CD600BB4024 /* Debug */ = {
			isa = XCBuildConfiguration;
			baseConfigurationReference = 6A2B5B5DAC1F71B7529CAAA3 /* Pods-Bike BumpTests.debug.xcconfig */;
			buildSettings = {
				ALWAYS_EMBED_SWIFT_STANDARD_LIBRARIES = YES;
				BUNDLE_LOADER = "$(TEST_HOST)";
				INFOPLIST_FILE = "Bike BumpTests/Info.plist";
				LD_RUNPATH_SEARCH_PATHS = "$(inherited) @executable_path/Frameworks @loader_path/Frameworks";
				PRODUCT_BUNDLE_IDENTIFIER = "ChaningPlaces.Bike-BumpTests";
				PRODUCT_NAME = "$(TARGET_NAME)";
				SWIFT_VERSION = 3.0;
				TEST_HOST = "$(BUILT_PRODUCTS_DIR)/Bike Bump.app/Bike Bump";
			};
			name = Debug;
		};
		BB42C8671E273CD600BB4024 /* Release */ = {
			isa = XCBuildConfiguration;
			baseConfigurationReference = 53B7E73F62C8921E19E627C9 /* Pods-Bike BumpTests.release.xcconfig */;
			buildSettings = {
				ALWAYS_EMBED_SWIFT_STANDARD_LIBRARIES = YES;
				BUNDLE_LOADER = "$(TEST_HOST)";
				INFOPLIST_FILE = "Bike BumpTests/Info.plist";
				LD_RUNPATH_SEARCH_PATHS = "$(inherited) @executable_path/Frameworks @loader_path/Frameworks";
				PRODUCT_BUNDLE_IDENTIFIER = "ChaningPlaces.Bike-BumpTests";
				PRODUCT_NAME = "$(TARGET_NAME)";
				SWIFT_VERSION = 3.0;
				TEST_HOST = "$(BUILT_PRODUCTS_DIR)/Bike Bump.app/Bike Bump";
			};
			name = Release;
		};
		BB42C8691E273CD600BB4024 /* Debug */ = {
			isa = XCBuildConfiguration;
			baseConfigurationReference = 64481D8DD1F6443C0568DD84 /* Pods-Bike BumpUITests.debug.xcconfig */;
			buildSettings = {
				ALWAYS_EMBED_SWIFT_STANDARD_LIBRARIES = YES;
				INFOPLIST_FILE = "Bike BumpUITests/Info.plist";
				LD_RUNPATH_SEARCH_PATHS = "$(inherited) @executable_path/Frameworks @loader_path/Frameworks";
				PRODUCT_BUNDLE_IDENTIFIER = "ChaningPlaces.Bike-BumpUITests";
				PRODUCT_NAME = "$(TARGET_NAME)";
				SWIFT_VERSION = 3.0;
				TEST_TARGET_NAME = "Bike Bump";
			};
			name = Debug;
		};
		BB42C86A1E273CD600BB4024 /* Release */ = {
			isa = XCBuildConfiguration;
			baseConfigurationReference = 01D6644C47C489EE4A7F1520 /* Pods-Bike BumpUITests.release.xcconfig */;
			buildSettings = {
				ALWAYS_EMBED_SWIFT_STANDARD_LIBRARIES = YES;
				INFOPLIST_FILE = "Bike BumpUITests/Info.plist";
				LD_RUNPATH_SEARCH_PATHS = "$(inherited) @executable_path/Frameworks @loader_path/Frameworks";
				PRODUCT_BUNDLE_IDENTIFIER = "ChaningPlaces.Bike-BumpUITests";
				PRODUCT_NAME = "$(TARGET_NAME)";
				SWIFT_VERSION = 3.0;
				TEST_TARGET_NAME = "Bike Bump";
			};
			name = Release;
		};
/* End XCBuildConfiguration section */

/* Begin XCConfigurationList section */
		BB42C8351E273CD500BB4024 /* Build configuration list for PBXProject "Bike Bump" */ = {
			isa = XCConfigurationList;
			buildConfigurations = (
				BB42C8601E273CD600BB4024 /* Debug */,
				BB42C8611E273CD600BB4024 /* Release */,
			);
			defaultConfigurationIsVisible = 0;
			defaultConfigurationName = Release;
		};
		BB42C8621E273CD600BB4024 /* Build configuration list for PBXNativeTarget "Bike Bump" */ = {
			isa = XCConfigurationList;
			buildConfigurations = (
				BB42C8631E273CD600BB4024 /* Debug */,
				BB42C8641E273CD600BB4024 /* Release */,
			);
			defaultConfigurationIsVisible = 0;
			defaultConfigurationName = Release;
		};
		BB42C8651E273CD600BB4024 /* Build configuration list for PBXNativeTarget "Bike BumpTests" */ = {
			isa = XCConfigurationList;
			buildConfigurations = (
				BB42C8661E273CD600BB4024 /* Debug */,
				BB42C8671E273CD600BB4024 /* Release */,
			);
			defaultConfigurationIsVisible = 0;
			defaultConfigurationName = Release;
		};
		BB42C8681E273CD600BB4024 /* Build configuration list for PBXNativeTarget "Bike BumpUITests" */ = {
			isa = XCConfigurationList;
			buildConfigurations = (
				BB42C8691E273CD600BB4024 /* Debug */,
				BB42C86A1E273CD600BB4024 /* Release */,
			);
			defaultConfigurationIsVisible = 0;
			defaultConfigurationName = Release;
		};
/* End XCConfigurationList section */
	};
	rootObject = BB42C8321E273CD500BB4024 /* Project object */;
}
